github.com/InoFlexin/serverbase v1.0.3 h1:UzjHjK5DDh0K5p9hBi+fh7T+i7MCwhS9pVemiLmVGKI=
github.com/InoFlexin/serverbase v1.0.3/go.mod h1:gzoR739jsIAtlSOaZ5ImVCL+ksxb+QeQHrr331DR09I=
github.com/InoFlexin/serverbase v1.0.4 h1:0xIBhfcdSa5CyDrIRThcQRNIh9KDDI3MJ1vCwa28xoY=
github.com/InoFlexin/serverbase v1.0.4/go.mod h1:gzoR739jsIAtlSOaZ5ImVCL+ksxb+QeQHrr331DR09I=
